Microsoft Visual Studio Solution File, Format Version 11.00
# Visual Studio 2008

Project("{D7E14A3E-7752-E094-D53D-04BC938A2D54}") = "OrigamiGuru", "Assembly-CSharp-firstpass-vs.csproj", "{ACC03E43-6F1E-1FC6-5BA3-747C3BD7EB7D}"
EndProject
Project("{D7E14A3E-7752-E094-D53D-04BC938A2D54}") = "OrigamiGuru", "Assembly-CSharp-vs.csproj", "{2CF27E13-668A-2DBC-425A-EE3DCF7E9E63}"
EndProject
Project("{D7E14A3E-7752-E094-D53D-04BC938A2D54}") = "OrigamiGuru", "Assembly-CSharp-Editor-vs.csproj", "{2E1F5200-B656-D691-18F7-4D3846B04398}"
EndProject
Global
	GlobalSection(SolutionConfigurationPlatforms) = preSolution
		Debug|Any CPU = Debug|Any CPU
		Release|Any CPU = Release|Any CPU
	EndGlobalSection
	GlobalSection(ProjectConfigurationPlatforms) = postSolution
		{ACC03E43-6F1E-1FC6-5BA3-747C3BD7EB7D}.Debug|Any CPU.ActiveCfg = Debug|Any CPU
		{ACC03E43-6F1E-1FC6-5BA3-747C3BD7EB7D}.Debug|Any CPU.Build.0 = Debug|Any CPU
		{ACC03E43-6F1E-1FC6-5BA3-747C3BD7EB7D}.Release|Any CPU.ActiveCfg = Release|Any CPU
		{ACC03E43-6F1E-1FC6-5BA3-747C3BD7EB7D}.Release|Any CPU.Build.0 = Release|Any CPU
		{2CF27E13-668A-2DBC-425A-EE3DCF7E9E63}.Debug|Any CPU.ActiveCfg = Debug|Any CPU
		{2CF27E13-668A-2DBC-425A-EE3DCF7E9E63}.Debug|Any CPU.Build.0 = Debug|Any CPU
		{2CF27E13-668A-2DBC-425A-EE3DCF7E9E63}.Release|Any CPU.ActiveCfg = Release|Any CPU
		{2CF27E13-668A-2DBC-425A-EE3DCF7E9E63}.Release|Any CPU.Build.0 = Release|Any CPU
		{2E1F5200-B656-D691-18F7-4D3846B04398}.Debug|Any CPU.ActiveCfg = Debug|Any CPU
		{2E1F5200-B656-D691-18F7-4D3846B04398}.Debug|Any CPU.Build.0 = Debug|Any CPU
		{2E1F5200-B656-D691-18F7-4D3846B04398}.Release|Any CPU.ActiveCfg = Release|Any CPU
		{2E1F5200-B656-D691-18F7-4D3846B04398}.Release|Any CPU.Build.0 = Release|Any CPU
	EndGlobalSection
	GlobalSection(SolutionProperties) = preSolution
		HideSolutionNode = FALSE
	EndGlobalSection
																																																				GlobalSection(MonoDevelopProperties) = preSolution
=======
																																												GlobalSection(MonoDevelopProperties) = preSolution
=======
																																							GlobalSection(MonoDevelopProperties) = preSolution
>>>>>>> 39f802c14c32659280d4a3db88f5b86d3fa9886c
>>>>>>> 0b55c70f203c6d7048e9c03dacb15a9e4f2a9357
=======
																																						GlobalSection(MonoDevelopProperties) = preSolution
=======
																																								GlobalSection(MonoDevelopProperties) = preSolution
>>>>>>> Stashed changes
=======
																	GlobalSection(MonoDevelopProperties) = preSolution
		StartupItem = Assembly-CSharp.csproj
		Policies = $0
		$0.TextStylePolicy = $1
		$1.inheritsSet = null
		$1.scope = text/x-csharp
		$0.CSharpFormattingPolicy = $2
		$2.inheritsSet = Mono
		$2.inheritsScope = text/x-csharp
		$2.scope = text/x-csharp
		$0.TextStylePolicy = $3
		$3.FileWidth = 120
		$3.TabWidth = 4
		$3.IndentWidth = 4
		$3.EolMarker = Unix
		$3.inheritsSet = Mono
		$3.inheritsScope = text/plain
		$3.scope = text/plain
	EndGlobalSection
										GlobalSection(MonoDevelopProperties) = preSolution
>>>>>>> 8e7fbd27b7e08a22923773ef28939192f10ad8e2
		StartupItem = Assembly-CSharp.csproj
		Policies = $0
		$0.TextStylePolicy = $1
		$1.inheritsSet = null
		$1.scope = text/x-csharp
		$0.CSharpFormattingPolicy = $2
		$2.inheritsSet = Mono
		$2.inheritsScope = text/x-csharp
		$2.scope = text/x-csharp
		$0.TextStylePolicy = $3
		$3.FileWidth = 120
		$3.TabWidth = 4
		$3.IndentWidth = 4
		$3.EolMarker = Unix
		$3.inheritsSet = Mono
		$3.inheritsScope = text/plain
		$3.scope = text/plain
	EndGlobalSection
																		GlobalSection(MonoDevelopProperties) = preSolution
		StartupItem = Assembly-CSharp.csproj
		Policies = $0
		$0.TextStylePolicy = $1
		$1.inheritsSet = null
		$1.scope = text/x-csharp
		$0.CSharpFormattingPolicy = $2
		$2.inheritsSet = Mono
		$2.inheritsScope = text/x-csharp
		$2.scope = text/x-csharp
		$0.TextStylePolicy = $3
		$3.FileWidth = 120
		$3.TabWidth = 4
		$3.IndentWidth = 4
		$3.EolMarker = Unix
		$3.inheritsSet = Mono
		$3.inheritsScope = text/plain
		$3.scope = text/plain
	EndGlobalSection
																									GlobalSection(MonoDevelopProperties) = preSolution
=======
																	GlobalSection(MonoDevelopProperties) = preSolution
		StartupItem = Assembly-CSharp.csproj
		Policies = $0
		$0.TextStylePolicy = $1
		$1.inheritsSet = null
		$1.scope = text/x-csharp
		$0.CSharpFormattingPolicy = $2
		$2.inheritsSet = Mono
		$2.inheritsScope = text/x-csharp
		$2.scope = text/x-csharp
		$0.TextStylePolicy = $3
		$3.FileWidth = 120
		$3.TabWidth = 4
		$3.IndentWidth = 4
		$3.EolMarker = Unix
		$3.inheritsSet = Mono
		$3.inheritsScope = text/plain
		$3.scope = text/plain
	EndGlobalSection
										GlobalSection(MonoDevelopProperties) = preSolution
>>>>>>> 8e7fbd27b7e08a22923773ef28939192f10ad8e2
		StartupItem = Assembly-CSharp.csproj
		Policies = $0
		$0.TextStylePolicy = $1
		$1.inheritsSet = null
		$1.scope = text/x-csharp
		$0.CSharpFormattingPolicy = $2
		$2.inheritsSet = Mono
		$2.inheritsScope = text/x-csharp
		$2.scope = text/x-csharp
		$0.TextStylePolicy = $3
		$3.FileWidth = 120
		$3.TabWidth = 4
		$3.IndentWidth = 4
		$3.EolMarker = Unix
		$3.inheritsSet = Mono
		$3.inheritsScope = text/plain
		$3.scope = text/plain
	EndGlobalSection
																		GlobalSection(MonoDevelopProperties) = preSolution
>>>>>>> 0f89dd4117e09e61388fa5bbee873478ff0b7a71
		StartupItem = Assembly-CSharp.csproj
		Policies = $0
		$0.TextStylePolicy = $1
		$1.inheritsSet = null
		$1.scope = text/x-csharp
		$0.CSharpFormattingPolicy = $2
		$2.inheritsSet = Mono
		$2.inheritsScope = text/x-csharp
		$2.scope = text/x-csharp
		$0.TextStylePolicy = $3
		$3.FileWidth = 120
		$3.TabWidth = 4
		$3.IndentWidth = 4
		$3.EolMarker = Unix
		$3.inheritsSet = Mono
		$3.inheritsScope = text/plain
		$3.scope = text/plain
	EndGlobalSection

EndGlobal
